// !$*UTF8*$!
{
	archiveVersion = 1;
	classes = {
	};
	objectVersion = 46;
	objects = {

/* Begin PBXBuildFile section */
		32487C9D1F14CACD006D359B /* AppDelegate.m in Sources */ = {isa = PBXBuildFile; fileRef = 32487C961F14CACD006D359B /* AppDelegate.m */; };
		32487C9E1F14CACD006D359B /* main.m in Sources */ = {isa = PBXBuildFile; fileRef = 32487C971F14CACD006D359B /* main.m */; };
		32487CA01F14CACD006D359B /* BMScreenDragView.m in Sources */ = {isa = PBXBuildFile; fileRef = 32487C9C1F14CACD006D359B /* BMScreenDragView.m */; };
		32487CA41F14CAEA006D359B /* ViewController.m in Sources */ = {isa = PBXBuildFile; fileRef = 32487CA31F14CAEA006D359B /* ViewController.m */; };
		32FAAD371F14A47900BB2CCE /* Main.storyboard in Resources */ = {isa = PBXBuildFile; fileRef = 32FAAD351F14A47900BB2CCE /* Main.storyboard */; };
		32FAAD391F14A47900BB2CCE /* Assets.xcassets in Resources */ = {isa = PBXBuildFile; fileRef = 32FAAD381F14A47900BB2CCE /* Assets.xcassets */; };
		32FAAD3C1F14A47900BB2CCE /* LaunchScreen.storyboard in Resources */ = {isa = PBXBuildFile; fileRef = 32FAAD3A1F14A47900BB2CCE /* LaunchScreen.storyboard */; };
		32FAAD471F14A47900BB2CCE /* BMScreenDragViewDemoTests.m in Sources */ = {isa = PBXBuildFile; fileRef = 32FAAD461F14A47900BB2CCE /* BMScreenDragViewDemoTests.m */; };
		32FAAD521F14A47900BB2CCE /* BMScreenDragViewDemoUITests.m in Sources */ = {isa = PBXBuildFile; fileRef = 32FAAD511F14A47900BB2CCE /* BMScreenDragViewDemoUITests.m */; };
		40C497DE4C016E5A6DB63895 /* libPods-BMScreenDragViewDemo.a in Frameworks */ = {isa = PBXBuildFile; fileRef = 36729EACBDC19C0986BFB0C1 /* libPods-BMScreenDragViewDemo.a */; };
/* End PBXBuildFile section */

/* Begin PBXContainerItemProxy section */
		32FAAD431F14A47900BB2CCE /* PBXContainerItemProxy */ = {
			isa = PBXContainerItemProxy;
			containerPortal = 32FAAD211F14A47900BB2CCE /* Project object */;
			proxyType = 1;
			remoteGlobalIDString = 32FAAD281F14A47900BB2CCE;
			remoteInfo = BMScreenDragViewDemo;
		};
		32FAAD4E1F14A47900BB2CCE /* PBXContainerItemProxy */ = {
			isa = PBXContainerItemProxy;
			containerPortal = 32FAAD211F14A47900BB2CCE /* Project object */;
			proxyType = 1;
			remoteGlobalIDString = 32FAAD281F14A47900BB2CCE;
			remoteInfo = BMScreenDragViewDemo;
		};
/* End PBXContainerItemProxy section */

/* Begin PBXFileReference section */
		32487C951F14CACD006D359B /* AppDelegate.h */ = {isa = PBXFileReference; fileEncoding = 4; lastKnownFileType = sourcecode.c.h; path = AppDelegate.h; sourceTree = "<group>"; };
		32487C961F14CACD006D359B /* AppDelegate.m */ = {isa = PBXFileReference; fileEncoding = 4; lastKnownFileType = sourcecode.c.objc; path = AppDelegate.m; sourceTree = "<group>"; };
		32487C971F14CACD006D359B /* main.m */ = {isa = PBXFileReference; fileEncoding = 4; lastKnownFileType = sourcecode.c.objc; path = main.m; sourceTree = "<group>"; };
		32487C9B1F14CACD006D359B /* BMScreenDragView.h */ = {isa = PBXFileReference; fileEncoding = 4; lastKnownFileType = sourcecode.c.h; path = BMScreenDragView.h; sourceTree = "<group>"; };
		32487C9C1F14CACD006D359B /* BMScreenDragView.m */ = {isa = PBXFileReference; fileEncoding = 4; lastKnownFileType = sourcecode.c.objc; path = BMScreenDragView.m; sourceTree = "<group>"; };
		32487CA21F14CAEA006D359B /* ViewController.h */ = {isa = PBXFileReference; fileEncoding = 4; lastKnownFileType = sourcecode.c.h; path = ViewController.h; sourceTree = "<group>"; };
		32487CA31F14CAEA006D359B /* ViewController.m */ = {isa = PBXFileReference; fileEncoding = 4; lastKnownFileType = sourcecode.c.objc; path = ViewController.m; sourceTree = "<group>"; };
		32FAAD291F14A47900BB2CCE /* BMScreenDragViewDemo.app */ = {isa = PBXFileReference; explicitFileType = wrapper.application; includeInIndex = 0; path = BMScreenDragViewDemo.app; sourceTree = BUILT_PRODUCTS_DIR; };
		32FAAD361F14A47900BB2CCE /* Base */ = {isa = PBXFileReference; lastKnownFileType = file.storyboard; name = Base; path = Base.lproj/Main.storyboard; sourceTree = "<group>"; };
		32FAAD381F14A47900BB2CCE /* Assets.xcassets */ = {isa = PBXFileReference; lastKnownFileType = folder.assetcatalog; path = Assets.xcassets; sourceTree = "<group>"; };
		32FAAD3B1F14A47900BB2CCE /* Base */ = {isa = PBXFileReference; lastKnownFileType = file.storyboard; name = Base; path = Base.lproj/LaunchScreen.storyboard; sourceTree = "<group>"; };
		32FAAD3D1F14A47900BB2CCE /* Info.plist */ = {isa = PBXFileReference; lastKnownFileType = text.plist.xml; path = Info.plist; sourceTree = "<group>"; };
		32FAAD421F14A47900BB2CCE /* BMScreenDragViewDemoTests.xctest */ = {isa = PBXFileReference; explicitFileType = wrapper.cfbundle; includeInIndex = 0; path = BMScreenDragViewDemoTests.xctest; sourceTree = BUILT_PRODUCTS_DIR; };
		32FAAD461F14A47900BB2CCE /* BMScreenDragViewDemoTests.m */ = {isa = PBXFileReference; lastKnownFileType = sourcecode.c.objc; path = BMScreenDragViewDemoTests.m; sourceTree = "<group>"; };
		32FAAD481F14A47900BB2CCE /* Info.plist */ = {isa = PBXFileReference; lastKnownFileType = text.plist.xml; path = Info.plist; sourceTree = "<group>"; };
		32FAAD4D1F14A47900BB2CCE /* BMScreenDragViewDemoUITests.xctest */ = {isa = PBXFileReference; explicitFileType = wrapper.cfbundle; includeInIndex = 0; path = BMScreenDragViewDemoUITests.xctest; sourceTree = BUILT_PRODUCTS_DIR; };
		32FAAD511F14A47900BB2CCE /* BMScreenDragViewDemoUITests.m */ = {isa = PBXFileReference; lastKnownFileType = sourcecode.c.objc; path = BMScreenDragViewDemoUITests.m; sourceTree = "<group>"; };
		32FAAD531F14A47900BB2CCE /* Info.plist */ = {isa = PBXFileReference; lastKnownFileType = text.plist.xml; path = Info.plist; sourceTree = "<group>"; };
		36729EACBDC19C0986BFB0C1 /* libPods-BMScreenDragViewDemo.a */ = {isa = PBXFileReference; explicitFileType = archive.ar; includeInIndex = 0; path = "libPods-BMScreenDragViewDemo.a"; sourceTree = BUILT_PRODUCTS_DIR; };
		4C3F2672B93814E83CA33F88 /* Pods-BMScreenDragViewDemo.release.xcconfig */ = {isa = PBXFileReference; includeInIndex = 1; lastKnownFileType = text.xcconfig; name = "Pods-BMScreenDragViewDemo.release.xcconfig"; path = "Pods/Target Support Files/Pods-BMScreenDragViewDemo/Pods-BMScreenDragViewDemo.release.xcconfig"; sourceTree = "<group>"; };
		E81FAE478DA2592E6FA07665 /* Pods-BMScreenDragViewDemo.debug.xcconfig */ = {isa = PBXFileReference; includeInIndex = 1; lastKnownFileType = text.xcconfig; name = "Pods-BMScreenDragViewDemo.debug.xcconfig"; path = "Pods/Target Support Files/Pods-BMScreenDragViewDemo/Pods-BMScreenDragViewDemo.debug.xcconfig"; sourceTree = "<group>"; };
/* End PBXFileReference section */

/* Begin PBXFrameworksBuildPhase section */
		32FAAD261F14A47900BB2CCE /* Frameworks */ = {
			isa = PBXFrameworksBuildPhase;
			buildActionMask = 2147483647;
			files = (
				40C497DE4C016E5A6DB63895 /* libPods-BMScreenDragViewDemo.a in Frameworks */,
			);
			runOnlyForDeploymentPostprocessing = 0;
		};
		32FAAD3F1F14A47900BB2CCE /* Frameworks */ = {
			isa = PBXFrameworksBuildPhase;
			buildActionMask = 2147483647;
			files = (
			);
			runOnlyForDeploymentPostprocessing = 0;
		};
		32FAAD4A1F14A47900BB2CCE /* Frameworks */ = {
			isa = PBXFrameworksBuildPhase;
			buildActionMask = 2147483647;
			files = (
			);
			runOnlyForDeploymentPostprocessing = 0;
		};
/* End PBXFrameworksBuildPhase section */

/* Begin PBXGroup section */
		32487C941F14CACD006D359B /* AppDelegate */ = {
			isa = PBXGroup;
			children = (
				32487C951F14CACD006D359B /* AppDelegate.h */,
				32487C961F14CACD006D359B /* AppDelegate.m */,
				32487C971F14CACD006D359B /* main.m */,
			);
			path = AppDelegate;
			sourceTree = "<group>";
		};
		32487C9A1F14CACD006D359B /* BMScreenDragView */ = {
			isa = PBXGroup;
			children = (
				32487C9B1F14CACD006D359B /* BMScreenDragView.h */,
				32487C9C1F14CACD006D359B /* BMScreenDragView.m */,
			);
			path = BMScreenDragView;
			sourceTree = "<group>";
		};
		32487CA11F14CAEA006D359B /* Demo */ = {
			isa = PBXGroup;
			children = (
				32487CA21F14CAEA006D359B /* ViewController.h */,
				32487CA31F14CAEA006D359B /* ViewController.m */,
			);
			path = Demo;
			sourceTree = "<group>";
		};
		32FAAD201F14A47900BB2CCE = {
			isa = PBXGroup;
			children = (
				32FAAD2B1F14A47900BB2CCE /* BMScreenDragViewDemo */,
				32FAAD451F14A47900BB2CCE /* BMScreenDragViewDemoTests */,
				32FAAD501F14A47900BB2CCE /* BMScreenDragViewDemoUITests */,
				32FAAD2A1F14A47900BB2CCE /* Products */,
				AE6194DF8EF5A1FBD537EE32 /* Pods */,
				9D511EF2570661D68B967ED0 /* Frameworks */,
			);
			sourceTree = "<group>";
		};
		32FAAD2A1F14A47900BB2CCE /* Products */ = {
			isa = PBXGroup;
			children = (
				32FAAD291F14A47900BB2CCE /* BMScreenDragViewDemo.app */,
				32FAAD421F14A47900BB2CCE /* BMScreenDragViewDemoTests.xctest */,
				32FAAD4D1F14A47900BB2CCE /* BMScreenDragViewDemoUITests.xctest */,
			);
			name = Products;
			sourceTree = "<group>";
		};
		32FAAD2B1F14A47900BB2CCE /* BMScreenDragViewDemo */ = {
			isa = PBXGroup;
			children = (
				32487CA11F14CAEA006D359B /* Demo */,
				32487C941F14CACD006D359B /* AppDelegate */,
				32487C9A1F14CACD006D359B /* BMScreenDragView */,
				32FAAD351F14A47900BB2CCE /* Main.storyboard */,
				32FAAD381F14A47900BB2CCE /* Assets.xcassets */,
				32FAAD3A1F14A47900BB2CCE /* LaunchScreen.storyboard */,
				32FAAD3D1F14A47900BB2CCE /* Info.plist */,
				32FAAD2C1F14A47900BB2CCE /* Supporting Files */,
			);
			path = BMScreenDragViewDemo;
			sourceTree = "<group>";
		};
		32FAAD2C1F14A47900BB2CCE /* Supporting Files */ = {
			isa = PBXGroup;
			children = (
			);
			name = "Supporting Files";
			sourceTree = "<group>";
		};
		32FAAD451F14A47900BB2CCE /* BMScreenDragViewDemoTests */ = {
			isa = PBXGroup;
			children = (
				32FAAD461F14A47900BB2CCE /* BMScreenDragViewDemoTests.m */,
				32FAAD481F14A47900BB2CCE /* Info.plist */,
			);
			path = BMScreenDragViewDemoTests;
			sourceTree = "<group>";
		};
		32FAAD501F14A47900BB2CCE /* BMScreenDragViewDemoUITests */ = {
			isa = PBXGroup;
			children = (
				32FAAD511F14A47900BB2CCE /* BMScreenDragViewDemoUITests.m */,
				32FAAD531F14A47900BB2CCE /* Info.plist */,
			);
			path = BMScreenDragViewDemoUITests;
			sourceTree = "<group>";
		};
		9D511EF2570661D68B967ED0 /* Frameworks */ = {
			isa = PBXGroup;
			children = (
				36729EACBDC19C0986BFB0C1 /* libPods-BMScreenDragViewDemo.a */,
			);
			name = Frameworks;
			sourceTree = "<group>";
		};
		AE6194DF8EF5A1FBD537EE32 /* Pods */ = {
			isa = PBXGroup;
			children = (
				E81FAE478DA2592E6FA07665 /* Pods-BMScreenDragViewDemo.debug.xcconfig */,
				4C3F2672B93814E83CA33F88 /* Pods-BMScreenDragViewDemo.release.xcconfig */,
			);
			name = Pods;
			sourceTree = "<group>";
		};
/* End PBXGroup section */

/* Begin PBXNativeTarget section */
		32FAAD281F14A47900BB2CCE /* BMScreenDragViewDemo */ = {
			isa = PBXNativeTarget;
			buildConfigurationList = 32FAAD561F14A47900BB2CCE /* Build configuration list for PBXNativeTarget "BMScreenDragViewDemo" */;
			buildPhases = (
				06B1F9F029B7196742A96BBB /* [CP] Check Pods Manifest.lock */,
				32FAAD251F14A47900BB2CCE /* Sources */,
				32FAAD261F14A47900BB2CCE /* Frameworks */,
				32FAAD271F14A47900BB2CCE /* Resources */,
				392746A0DFBDEAAB1EB0BF61 /* [CP] Embed Pods Frameworks */,
				CDAE6928C2FF396ECEAC3647 /* [CP] Copy Pods Resources */,
			);
			buildRules = (
			);
			dependencies = (
			);
			name = BMScreenDragViewDemo;
			productName = BMScreenDragViewDemo;
			productReference = 32FAAD291F14A47900BB2CCE /* BMScreenDragViewDemo.app */;
			productType = "com.apple.product-type.application";
		};
		32FAAD411F14A47900BB2CCE /* BMScreenDragViewDemoTests */ = {
			isa = PBXNativeTarget;
			buildConfigurationList = 32FAAD591F14A47900BB2CCE /* Build configuration list for PBXNativeTarget "BMScreenDragViewDemoTests" */;
			buildPhases = (
				32FAAD3E1F14A47900BB2CCE /* Sources */,
				32FAAD3F1F14A47900BB2CCE /* Frameworks */,
				32FAAD401F14A47900BB2CCE /* Resources */,
			);
			buildRules = (
			);
			dependencies = (
				32FAAD441F14A47900BB2CCE /* PBXTargetDependency */,
			);
			name = BMScreenDragViewDemoTests;
			productName = BMScreenDragViewDemoTests;
			productReference = 32FAAD421F14A47900BB2CCE /* BMScreenDragViewDemoTests.xctest */;
			productType = "com.apple.product-type.bundle.unit-test";
		};
		32FAAD4C1F14A47900BB2CCE /* BMScreenDragViewDemoUITests */ = {
			isa = PBXNativeTarget;
			buildConfigurationList = 32FAAD5C1F14A47900BB2CCE /* Build configuration list for PBXNativeTarget "BMScreenDragViewDemoUITests" */;
			buildPhases = (
				32FAAD491F14A47900BB2CCE /* Sources */,
				32FAAD4A1F14A47900BB2CCE /* Frameworks */,
				32FAAD4B1F14A47900BB2CCE /* Resources */,
			);
			buildRules = (
			);
			dependencies = (
				32FAAD4F1F14A47900BB2CCE /* PBXTargetDependency */,
			);
			name = BMScreenDragViewDemoUITests;
			productName = BMScreenDragViewDemoUITests;
			productReference = 32FAAD4D1F14A47900BB2CCE /* BMScreenDragViewDemoUITests.xctest */;
			productType = "com.apple.product-type.bundle.ui-testing";
		};
/* End PBXNativeTarget section */

/* Begin PBXProject section */
		32FAAD211F14A47900BB2CCE /* Project object */ = {
			isa = PBXProject;
			attributes = {
				LastUpgradeCheck = 0830;
				ORGANIZATIONNAME = "___liangdahong";
				TargetAttributes = {
					32FAAD281F14A47900BB2CCE = {
						CreatedOnToolsVersion = 8.3.3;
						DevelopmentTeam = 8RB35RM424;
						ProvisioningStyle = Automatic;
					};
					32FAAD411F14A47900BB2CCE = {
						CreatedOnToolsVersion = 8.3.3;
						DevelopmentTeam = 8RB35RM424;
						ProvisioningStyle = Automatic;
						TestTargetID = 32FAAD281F14A47900BB2CCE;
					};
					32FAAD4C1F14A47900BB2CCE = {
						CreatedOnToolsVersion = 8.3.3;
						DevelopmentTeam = 8RB35RM424;
						ProvisioningStyle = Automatic;
						TestTargetID = 32FAAD281F14A47900BB2CCE;
					};
				};
			};
			buildConfigurationList = 32FAAD241F14A47900BB2CCE /* Build configuration list for PBXProject "BMScreenDragViewDemo" */;
			compatibilityVersion = "Xcode 3.2";
			developmentRegion = English;
			hasScannedForEncodings = 0;
			knownRegions = (
				en,
				Base,
			);
			mainGroup = 32FAAD201F14A47900BB2CCE;
			productRefGroup = 32FAAD2A1F14A47900BB2CCE /* Products */;
			projectDirPath = "";
			projectRoot = "";
			targets = (
				32FAAD281F14A47900BB2CCE /* BMScreenDragViewDemo */,
				32FAAD411F14A47900BB2CCE /* BMScreenDragViewDemoTests */,
				32FAAD4C1F14A47900BB2CCE /* BMScreenDragViewDemoUITests */,
			);
		};
/* End PBXProject section */

/* Begin PBXResourcesBuildPhase section */
		32FAAD271F14A47900BB2CCE /* Resources */ = {
			isa = PBXResourcesBuildPhase;
			buildActionMask = 2147483647;
			files = (
				32FAAD3C1F14A47900BB2CCE /* LaunchScreen.storyboard in Resources */,
				32FAAD391F14A47900BB2CCE /* Assets.xcassets in Resources */,
				32FAAD371F14A47900BB2CCE /* Main.storyboard in Resources */,
			);
			runOnlyForDeploymentPostprocessing = 0;
		};
		32FAAD401F14A47900BB2CCE /* Resources */ = {
			isa = PBXResourcesBuildPhase;
			buildActionMask = 2147483647;
			files = (
			);
			runOnlyForDeploymentPostprocessing = 0;
		};
		32FAAD4B1F14A47900BB2CCE /* Resources */ = {
			isa = PBXResourcesBuildPhase;
			buildActionMask = 2147483647;
			files = (
			);
			runOnlyForDeploymentPostprocessing = 0;
		};
/* End PBXResourcesBuildPhase section */

/* Begin PBXShellScriptBuildPhase section */
		06B1F9F029B7196742A96BBB /* [CP] Check Pods Manifest.lock */ = {
			isa = PBXShellScriptBuildPhase;
			buildActionMask = 2147483647;
			files = (
			);
			inputPaths = (
			);
			name = "[CP] Check Pods Manifest.lock";
			outputPaths = (
			);
			runOnlyForDeploymentPostprocessing = 0;
			shellPath = /bin/sh;
			shellScript = "diff \"${PODS_ROOT}/../Podfile.lock\" \"${PODS_ROOT}/Manifest.lock\" > /dev/null\nif [ $? != 0 ] ; then\n    # print error to STDERR\n    echo \"error: The sandbox is not in sync with the Podfile.lock. Run 'pod install' or update your CocoaPods installation.\" >&2\n    exit 1\nfi\n";
			showEnvVarsInLog = 0;
		};
		392746A0DFBDEAAB1EB0BF61 /* [CP] Embed Pods Frameworks */ = {
			isa = PBXShellScriptBuildPhase;
			buildActionMask = 2147483647;
			files = (
			);
			inputPaths = (
			);
			name = "[CP] Embed Pods Frameworks";
			outputPaths = (
			);
			runOnlyForDeploymentPostprocessing = 0;
			shellPath = /bin/sh;
			shellScript = "\"${SRCROOT}/Pods/Target Support Files/Pods-BMScreenDragViewDemo/Pods-BMScreenDragViewDemo-frameworks.sh\"\n";
			showEnvVarsInLog = 0;
		};
		CDAE6928C2FF396ECEAC3647 /* [CP] Copy Pods Resources */ = {
			isa = PBXShellScriptBuildPhase;
			buildActionMask = 2147483647;
			files = (
			);
			inputPaths = (
			);
			name = "[CP] Copy Pods Resources";
			outputPaths = (
			);
			runOnlyForDeploymentPostprocessing = 0;
			shellPath = /bin/sh;
			shellScript = "\"${SRCROOT}/Pods/Target Support Files/Pods-BMScreenDragViewDemo/Pods-BMScreenDragViewDemo-resources.sh\"\n";
			showEnvVarsInLog = 0;
		};
/* End PBXShellScriptBuildPhase section */

/* Begin PBXSourcesBuildPhase section */
		32FAAD251F14A47900BB2CCE /* Sources */ = {
			isa = PBXSourcesBuildPhase;
			buildActionMask = 2147483647;
			files = (
				32487C9E1F14CACD006D359B /* main.m in Sources */,
				32487CA01F14CACD006D359B /* BMScreenDragView.m in Sources */,
				32487CA41F14CAEA006D359B /* ViewController.m in Sources */,
				32487C9D1F14CACD006D359B /* AppDelegate.m in Sources */,
			);
			runOnlyForDeploymentPostprocessing = 0;
		};
		32FAAD3E1F14A47900BB2CCE /* Sources */ = {
			isa = PBXSourcesBuildPhase;
			buildActionMask = 2147483647;
			files = (
				32FAAD471F14A47900BB2CCE /* BMScreenDragViewDemoTests.m in Sources */,
			);
			runOnlyForDeploymentPostprocessing = 0;
		};
		32FAAD491F14A47900BB2CCE /* Sources */ = {
			isa = PBXSourcesBuildPhase;
			buildActionMask = 2147483647;
			files = (
				32FAAD521F14A47900BB2CCE /* BMScreenDragViewDemoUITests.m in Sources */,
			);
			runOnlyForDeploymentPostprocessing = 0;
		};
/* End PBXSourcesBuildPhase section */

/* Begin PBXTargetDependency section */
		32FAAD441F14A47900BB2CCE /* PBXTargetDependency */ = {
			isa = PBXTargetDependency;
			target = 32FAAD281F14A47900BB2CCE /* BMScreenDragViewDemo */;
			targetProxy = 32FAAD431F14A47900BB2CCE /* PBXContainerItemProxy */;
		};
		32FAAD4F1F14A47900BB2CCE /* PBXTargetDependency */ = {
			isa = PBXTargetDependency;
			target = 32FAAD281F14A47900BB2CCE /* BMScreenDragViewDemo */;
			targetProxy = 32FAAD4E1F14A47900BB2CCE /* PBXContainerItemProxy */;
		};
/* End PBXTargetDependency section */

/* Begin PBXVariantGroup section */
		32FAAD351F14A47900BB2CCE /* Main.storyboard */ = {
			isa = PBXVariantGroup;
			children = (
				32FAAD361F14A47900BB2CCE /* Base */,
			);
			name = Main.storyboard;
			sourceTree = "<group>";
		};
		32FAAD3A1F14A47900BB2CCE /* LaunchScreen.storyboard */ = {
			isa = PBXVariantGroup;
			children = (
				32FAAD3B1F14A47900BB2CCE /* Base */,
			);
			name = LaunchScreen.storyboard;
			sourceTree = "<group>";
		};
/* End PBXVariantGroup section */

/* Begin XCBuildConfiguration section */
		32FAAD541F14A47900BB2CCE /* Debug */ = {
			isa = XCBuildConfiguration;
			buildSettings = {
				ALWAYS_SEARCH_USER_PATHS = NO;
				CLANG_ANALYZER_NONNULL = YES;
				CLANG_ANALYZER_NUMBER_OBJECT_CONVERSION = YES_AGGRESSIVE;
				CLANG_CXX_LANGUAGE_STANDARD = "gnu++0x";
				CLANG_CXX_LIBRARY = "libc++";
				CLANG_ENABLE_MODULES = YES;
				CLANG_ENABLE_OBJC_ARC = YES;
				CLANG_WARN_BOOL_CONVERSION = YES;
				CLANG_WARN_CONSTANT_CONVERSION = YES;
				CLANG_WARN_DIRECT_OBJC_ISA_USAGE = YES_ERROR;
				CLANG_WARN_DOCUMENTATION_COMMENTS = YES;
				CLANG_WARN_EMPTY_BODY = YES;
				CLANG_WARN_ENUM_CONVERSION = YES;
				CLANG_WARN_INFINITE_RECURSION = YES;
				CLANG_WARN_INT_CONVERSION = YES;
				CLANG_WARN_OBJC_ROOT_CLASS = YES_ERROR;
				CLANG_WARN_SUSPICIOUS_MOVE = YES;
				CLANG_WARN_UNREACHABLE_CODE = YES;
				CLANG_WARN__DUPLICATE_METHOD_MATCH = YES;
				"CODE_SIGN_IDENTITY[sdk=iphoneos*]" = "iPhone Developer";
				COPY_PHASE_STRIP = NO;
				DEBUG_INFORMATION_FORMAT = dwarf;
				ENABLE_STRICT_OBJC_MSGSEND = YES;
				ENABLE_TESTABILITY = YES;
				GCC_C_LANGUAGE_STANDARD = gnu99;
				GCC_DYNAMIC_NO_PIC = NO;
				GCC_NO_COMMON_BLOCKS = YES;
				GCC_OPTIMIZATION_LEVEL = 0;
				GCC_PREPROCESSOR_DEFINITIONS = (
					"DEBUG=1",
					"$(inherited)",
				);
				GCC_WARN_64_TO_32_BIT_CONVERSION = YES;
				GCC_WARN_ABOUT_RETURN_TYPE = YES_ERROR;
				GCC_WARN_UNDECLARED_SELECTOR = YES;
				GCC_WARN_UNINITIALIZED_AUTOS = YES_AGGRESSIVE;
				GCC_WARN_UNUSED_FUNCTION = YES;
				GCC_WARN_UNUSED_VARIABLE = YES;
				IPHONEOS_DEPLOYMENT_TARGET = 10.3;
				MTL_ENABLE_DEBUG_INFO = YES;
				ONLY_ACTIVE_ARCH = YES;
				SDKROOT = iphoneos;
				TARGETED_DEVICE_FAMILY = "1,2";
			};
			name = Debug;
		};
		32FAAD551F14A47900BB2CCE /* Release */ = {
			isa = XCBuildConfiguration;
			buildSettings = {
				ALWAYS_SEARCH_USER_PATHS = NO;
				CLANG_ANALYZER_NONNULL = YES;
				CLANG_ANALYZER_NUMBER_OBJECT_CONVERSION = YES_AGGRESSIVE;
				CLANG_CXX_LANGUAGE_STANDARD = "gnu++0x";
				CLANG_CXX_LIBRARY = "libc++";
				CLANG_ENABLE_MODULES = YES;
				CLANG_ENABLE_OBJC_ARC = YES;
				CLANG_WARN_BOOL_CONVERSION = YES;
				CLANG_WARN_CONSTANT_CONVERSION = YES;
				CLANG_WARN_DIRECT_OBJC_ISA_USAGE = YES_ERROR;
				CLANG_WARN_DOCUMENTATION_COMMENTS = YES;
				CLANG_WARN_EMPTY_BODY = YES;
				CLANG_WARN_ENUM_CONVERSION = YES;
				CLANG_WARN_INFINITE_RECURSION = YES;
				CLANG_WARN_INT_CONVERSION = YES;
				CLANG_WARN_OBJC_ROOT_CLASS = YES_ERROR;
				CLANG_WARN_SUSPICIOUS_MOVE = YES;
				CLANG_WARN_UNREACHABLE_CODE = YES;
				CLANG_WARN__DUPLICATE_METHOD_MATCH = YES;
				"CODE_SIGN_IDENTITY[sdk=iphoneos*]" = "iPhone Developer";
				COPY_PHASE_STRIP = NO;
				DEBUG_INFORMATION_FORMAT = "dwarf-with-dsym";
				ENABLE_NS_ASSERTIONS = NO;
				ENABLE_STRICT_OBJC_MSGSEND = YES;
				GCC_C_LANGUAGE_STANDARD = gnu99;
				GCC_NO_COMMON_BLOCKS = YES;
				GCC_WARN_64_TO_32_BIT_CONVERSION = YES;
				GCC_WARN_ABOUT_RETURN_TYPE = YES_ERROR;
				GCC_WARN_UNDECLARED_SELECTOR = YES;
				GCC_WARN_UNINITIALIZED_AUTOS = YES_AGGRESSIVE;
				GCC_WARN_UNUSED_FUNCTION = YES;
				GCC_WARN_UNUSED_VARIABLE = YES;
				IPHONEOS_DEPLOYMENT_TARGET = 10.3;
				MTL_ENABLE_DEBUG_INFO = NO;
				SDKROOT = iphoneos;
				TARGETED_DEVICE_FAMILY = "1,2";
				VALIDATE_PRODUCT = YES;
			};
			name = Release;
		};
		32FAAD571F14A47900BB2CCE /* Debug */ = {
			isa = XCBuildConfiguration;
			baseConfigurationReference = E81FAE478DA2592E6FA07665 /* Pods-BMScreenDragViewDemo.debug.xcconfig */;
			buildSettings = {
				ASSETCATALOG_COMPILER_APPICON_NAME = AppIcon;
				DEVELOPMENT_TEAM = 8RB35RM424;
				INFOPLIST_FILE = BMScreenDragViewDemo/Info.plist;
				LD_RUNPATH_SEARCH_PATHS = "$(inherited) @executable_path/Frameworks";
				PRODUCT_BUNDLE_IDENTIFIER = cn.com.bluemoon.BMScreenDragViewDemo;
				PRODUCT_NAME = "$(TARGET_NAME)";
			};
			name = Debug;
		};
		32FAAD581F14A47900BB2CCE /* Release */ = {
			isa = XCBuildConfiguration;
			baseConfigurationReference = 4C3F2672B93814E83CA33F88 /* Pods-BMScreenDragViewDemo.release.xcconfig */;
			buildSettings = {
				ASSETCATALOG_COMPILER_APPICON_NAME = AppIcon;
				DEVELOPMENT_TEAM = 8RB35RM424;
				INFOPLIST_FILE = BMScreenDragViewDemo/Info.plist;
				LD_RUNPATH_SEARCH_PATHS = "$(inherited) @executable_path/Frameworks";
				PRODUCT_BUNDLE_IDENTIFIER = cn.com.bluemoon.BMScreenDragViewDemo;
				PRODUCT_NAME = "$(TARGET_NAME)";
			};
			name = Release;
		};
		32FAAD5A1F14A47900BB2CCE /* Debug */ = {
			isa = XCBuildConfiguration;
			buildSettings = {
				BUNDLE_LOADER = "$(TEST_HOST)";
				DEVELOPMENT_TEAM = 8RB35RM424;
				INFOPLIST_FILE = BMScreenDragViewDemoTests/Info.plist;
				LD_RUNPATH_SEARCH_PATHS = "$(inherited) @executable_path/Frameworks @loader_path/Frameworks";
				PRODUCT_BUNDLE_IDENTIFIER = cn.com.bluemoon.BMScreenDragViewDemoTests;
				PRODUCT_NAME = "$(TARGET_NAME)";
				TEST_HOST = "$(BUILT_PRODUCTS_DIR)/BMScreenDragViewDemo.app/BMScreenDragViewDemo";
			};
			name = Debug;
		};
		32FAAD5B1F14A47900BB2CCE /* Release */ = {
			isa = XCBuildConfiguration;
			buildSettings = {
				BUNDLE_LOADER = "$(TEST_HOST)";
				DEVELOPMENT_TEAM = 8RB35RM424;
				INFOPLIST_FILE = BMScreenDragViewDemoTests/Info.plist;
				LD_RUNPATH_SEARCH_PATHS = "$(inherited) @executable_path/Frameworks @loader_path/Frameworks";
				PRODUCT_BUNDLE_IDENTIFIER = cn.com.bluemoon.BMScreenDragViewDemoTests;
				PRODUCT_NAME = "$(TARGET_NAME)";
				TEST_HOST = "$(BUILT_PRODUCTS_DIR)/BMScreenDragViewDemo.app/BMScreenDragViewDemo";
			};
			name = Release;
		};
		32FAAD5D1F14A47900BB2CCE /* Debug */ = {
			isa = XCBuildConfiguration;
			buildSettings = {
				DEVELOPMENT_TEAM = 8RB35RM424;
				INFOPLIST_FILE = BMScreenDragViewDemoUITests/Info.plist;
				LD_RUNPATH_SEARCH_PATHS = "$(inherited) @executable_path/Frameworks @loader_path/Frameworks";
				PRODUCT_BUNDLE_IDENTIFIER = cn.com.bluemoon.BMScreenDragViewDemoUITests;
				PRODUCT_NAME = "$(TARGET_NAME)";
				TEST_TARGET_NAME = BMScreenDragViewDemo;
			};
			name = Debug;
		};
		32FAAD5E1F14A47900BB2CCE /* Release */ = {
			isa = XCBuildConfiguration;
			buildSettings = {
				DEVELOPMENT_TEAM = 8RB35RM424;
				INFOPLIST_FILE = BMScreenDragViewDemoUITests/Info.plist;
				LD_RUNPATH_SEARCH_PATHS = "$(inherited) @executable_path/Frameworks @loader_path/Frameworks";
				PRODUCT_BUNDLE_IDENTIFIER = cn.com.bluemoon.BMScreenDragViewDemoUITests;
				PRODUCT_NAME = "$(TARGET_NAME)";
				TEST_TARGET_NAME = BMScreenDragViewDemo;
			};
			name = Release;
		};
/* End XCBuildConfiguration section */

/* Begin XCConfigurationList section */
		32FAAD241F14A47900BB2CCE /* Build configuration list for PBXProject "BMScreenDragViewDemo" */ = {
			isa = XCConfigurationList;
			buildConfigurations = (
				32FAAD541F14A47900BB2CCE /* Debug */,
				32FAAD551F14A47900BB2CCE /* Release */,
			);
			defaultConfigurationIsVisible = 0;
			defaultConfigurationName = Release;
		};
		32FAAD561F14A47900BB2CCE /* Build configuration list for PBXNativeTarget "BMScreenDragViewDemo" */ = {
			isa = XCConfigurationList;
			buildConfigurations = (
				32FAAD571F14A47900BB2CCE /* Debug */,
				32FAAD581F14A47900BB2CCE /* Release */,
			);
			defaultConfigurationIsVisible = 0;
			defaultConfigurationName = Release;
		};
		32FAAD591F14A47900BB2CCE /* Build configuration list for PBXNativeTarget "BMScreenDragViewDemoTests" */ = {
			isa = XCConfigurationList;
			buildConfigurations = (
				32FAAD5A1F14A47900BB2CCE /* Debug */,
				32FAAD5B1F14A47900BB2CCE /* Release */,
			);
			defaultConfigurationIsVisible = 0;
			defaultConfigurationName = Release;
		};
		32FAAD5C1F14A47900BB2CCE /* Build configuration list for PBXNativeTarget "BMScreenDragViewDemoUITests" */ = {
			isa = XCConfigurationList;
			buildConfigurations = (
				32FAAD5D1F14A47900BB2CCE /* Debug */,
				32FAAD5E1F14A47900BB2CCE /* Release */,
			);
			defaultConfigurationIsVisible = 0;
			defaultConfigurationName = Release;
		};
/* End XCConfigurationList section */
	};
	rootObject = 32FAAD211F14A47900BB2CCE /* Project object */;
}
